
Microsoft Visual Studio Solution File, Format Version 12.00
# Visual Studio Version 16
VisualStudioVersion = 16.0.29709.97
MinimumVisualStudioVersion = 10.0.40219.1
Project("{9A19103F-16F7-4668-BE54-9A1E7A4F7556}") = "Eventsuffle.Web", "src\Eventsuffle.Web\Eventsuffle.Web.csproj", "{7BE965DF-A148-495C-8F28-AD06736B639C}"
EndProject
Project("{2150E333-8FDC-42A3-9474-1A3956D46DE8}") = "src", "src", "{F8B19F5A-27ED-4AE3-A01E-F20D081F3B53}"
EndProject
Project("{2150E333-8FDC-42A3-9474-1A3956D46DE8}") = "tests", "tests", "{31070A42-2076-45FE-81B4-C0038F16C547}"
EndProject
Project("{9A19103F-16F7-4668-BE54-9A1E7A4F7556}") = "Eventsuffle.Infrastructure", "src\Eventsuffle.Infrastructure\Eventsuffle.Infrastructure.csproj", "{51E2010B-4119-4D24-80AB-C6B485AC9D2D}"
EndProject
Project("{9A19103F-16F7-4668-BE54-9A1E7A4F7556}") = "Eventsuffle.Core", "src\Eventsuffle.Core\Eventsuffle.Core.csproj", "{062CAF37-7C19-4C7E-8AF6-91C550C858CF}"
EndProject
Project("{FAE04EC0-301F-11D3-BF4B-00C04F79EFBC}") = "Eventsuffle.UnitTests", "test\Eventsuffle.UnitTests\Eventsuffle.UnitTests.csproj", "{64BE7A92-0EF5-40FC-BCDB-4B69BCEB3D7C}"
EndProject
Project("{FAE04EC0-301F-11D3-BF4B-00C04F79EFBC}") = "Eventsuffle.FunctionalTests", "test\Eventsuffle.FunctionalTests\Eventsuffle.FunctionalTests.csproj", "{14977637-16BC-4638-8D70-023D183FB322}"
EndProject
Project("{2150E333-8FDC-42A3-9474-1A3956D46DE8}") = "Solution Items", "Solution Items", "{0CE3EA60-05B5-4AAC-8F63-5AA19B42F863}"
	ProjectSection(SolutionItems) = preProject
		readme.md = readme.md
	EndProjectSection
EndProject
Global
	GlobalSection(SolutionConfigurationPlatforms) = preSolution
		Debug|Any CPU = Debug|Any CPU
		Release|Any CPU = Release|Any CPU
	EndGlobalSection
	GlobalSection(ProjectConfigurationPlatforms) = postSolution
		{7BE965DF-A148-495C-8F28-AD06736B639C}.Debug|Any CPU.ActiveCfg = Debug|Any CPU
		{7BE965DF-A148-495C-8F28-AD06736B639C}.Debug|Any CPU.Build.0 = Debug|Any CPU
		{7BE965DF-A148-495C-8F28-AD06736B639C}.Release|Any CPU.ActiveCfg = Release|Any CPU
		{7BE965DF-A148-495C-8F28-AD06736B639C}.Release|Any CPU.Build.0 = Release|Any CPU
		{51E2010B-4119-4D24-80AB-C6B485AC9D2D}.Debug|Any CPU.ActiveCfg = Debug|Any CPU
		{51E2010B-4119-4D24-80AB-C6B485AC9D2D}.Debug|Any CPU.Build.0 = Debug|Any CPU
		{51E2010B-4119-4D24-80AB-C6B485AC9D2D}.Release|Any CPU.ActiveCfg = Release|Any CPU
		{51E2010B-4119-4D24-80AB-C6B485AC9D2D}.Release|Any CPU.Build.0 = Release|Any CPU
		{062CAF37-7C19-4C7E-8AF6-91C550C858CF}.Debug|Any CPU.ActiveCfg = Debug|Any CPU
		{062CAF37-7C19-4C7E-8AF6-91C550C858CF}.Debug|Any CPU.Build.0 = Debug|Any CPU
		{062CAF37-7C19-4C7E-8AF6-91C550C858CF}.Release|Any CPU.ActiveCfg = Release|Any CPU
		{062CAF37-7C19-4C7E-8AF6-91C550C858CF}.Release|Any CPU.Build.0 = Release|Any CPU
		{64BE7A92-0EF5-40FC-BCDB-4B69BCEB3D7C}.Debug|Any CPU.ActiveCfg = Debug|Any CPU
		{64BE7A92-0EF5-40FC-BCDB-4B69BCEB3D7C}.Debug|Any CPU.Build.0 = Debug|Any CPU
		{64BE7A92-0EF5-40FC-BCDB-4B69BCEB3D7C}.Release|Any CPU.ActiveCfg = Release|Any CPU
		{64BE7A92-0EF5-40FC-BCDB-4B69BCEB3D7C}.Release|Any CPU.Build.0 = Release|Any CPU
		{14977637-16BC-4638-8D70-023D183FB322}.Debug|Any CPU.ActiveCfg = Debug|Any CPU
		{14977637-16BC-4638-8D70-023D183FB322}.Debug|Any CPU.Build.0 = Debug|Any CPU
		{14977637-16BC-4638-8D70-023D183FB322}.Release|Any CPU.ActiveCfg = Release|Any CPU
		{14977637-16BC-4638-8D70-023D183FB322}.Release|Any CPU.Build.0 = Release|Any CPU
	EndGlobalSection
	GlobalSection(SolutionProperties) = preSolution
		HideSolutionNode = FALSE
	EndGlobalSection
	GlobalSection(NestedProjects) = preSolution
		{7BE965DF-A148-495C-8F28-AD06736B639C} = {F8B19F5A-27ED-4AE3-A01E-F20D081F3B53}
		{51E2010B-4119-4D24-80AB-C6B485AC9D2D} = {F8B19F5A-27ED-4AE3-A01E-F20D081F3B53}
		{062CAF37-7C19-4C7E-8AF6-91C550C858CF} = {F8B19F5A-27ED-4AE3-A01E-F20D081F3B53}
		{64BE7A92-0EF5-40FC-BCDB-4B69BCEB3D7C} = {31070A42-2076-45FE-81B4-C0038F16C547}
		{14977637-16BC-4638-8D70-023D183FB322} = {31070A42-2076-45FE-81B4-C0038F16C547}
	EndGlobalSection
	GlobalSection(ExtensibilityGlobals) = postSolution
		SolutionGuid = {8EC318D2-8795-49E5-BB05-E5E45CFD39CE}
	EndGlobalSection
EndGlobal
